
Microsoft Visual Studio Solution File, Format Version 12.00
# Visual Studio Version 17
VisualStudioVersion = 17.1.32210.238
MinimumVisualStudioVersion = 10.0.40219.1
Project("{2150E333-8FDC-42A3-9474-1A3956D46DE8}") = "Solution Items", "Solution Items", "{24BA8486-2C61-4DF9-BC8B-63C566B6D0D3}"
	ProjectSection(SolutionItems) = preProject
		.editorconfig = .editorconfig
		UnitTestsGuide.txt = UnitTestsGuide.txt
	EndProjectSection
EndProject
Project("{9A19103F-16F7-4668-BE54-9A1E7A4F7556}") = "TestNinja", "TestNinja\TestNinja.csproj", "{2DA6AEF6-403C-42B9-ADA3-428F8CFBF8AB}"
EndProject
Project("{9A19103F-16F7-4668-BE54-9A1E7A4F7556}") = "TestNinja.UnitTests", "TestNinja.UnitTests\TestNinja.UnitTests.csproj", "{34DEF58C-24AC-4E8C-ADE5-C01EDF2C4A8B}"
EndProject
Global
	GlobalSection(SolutionConfigurationPlatforms) = preSolution
		Debug|Any CPU = Debug|Any CPU
		Release|Any CPU = Release|Any CPU
	EndGlobalSection
	GlobalSection(ProjectConfigurationPlatforms) = postSolution
		{2DA6AEF6-403C-42B9-ADA3-428F8CFBF8AB}.Debug|Any CPU.ActiveCfg = Debug|Any CPU
		{2DA6AEF6-403C-42B9-ADA3-428F8CFBF8AB}.Debug|Any CPU.Build.0 = Debug|Any CPU
		{2DA6AEF6-403C-42B9-ADA3-428F8CFBF8AB}.Release|Any CPU.ActiveCfg = Release|Any CPU
		{2DA6AEF6-403C-42B9-ADA3-428F8CFBF8AB}.Release|Any CPU.Build.0 = Release|Any CPU
		{34DEF58C-24AC-4E8C-ADE5-C01EDF2C4A8B}.Debug|Any CPU.ActiveCfg = Debug|Any CPU
		{34DEF58C-24AC-4E8C-ADE5-C01EDF2C4A8B}.Debug|Any CPU.Build.0 = Debug|Any CPU
		{34DEF58C-24AC-4E8C-ADE5-C01EDF2C4A8B}.Release|Any CPU.ActiveCfg = Release|Any CPU
		{34DEF58C-24AC-4E8C-ADE5-C01EDF2C4A8B}.Release|Any CPU.Build.0 = Release|Any CPU
	EndGlobalSection
	GlobalSection(SolutionProperties) = preSolution
		HideSolutionNode = FALSE
	EndGlobalSection
	GlobalSection(NestedProjects) = preSolution
		{2DA6AEF6-403C-42B9-ADA3-428F8CFBF8AB} = {24BA8486-2C61-4DF9-BC8B-63C566B6D0D3}
		{34DEF58C-24AC-4E8C-ADE5-C01EDF2C4A8B} = {24BA8486-2C61-4DF9-BC8B-63C566B6D0D3}
	EndGlobalSection
	GlobalSection(ExtensibilityGlobals) = postSolution
		SolutionGuid = {B636F262-E1D0-42FB-A71E-3A129A9DDE16}
	EndGlobalSection
EndGlobal
